# This file was autogenerated by uv via the following command:
#    uv pip compile --python-version 3.12 --generate-hashes tools/requirements-dev.in -o tools/requirements-dev.lock
adafruit-nrfutil==0.5.3.post16 \
    --hash=sha256:b72103dc8e50f92951f512fc2b6f2c621dac1614531ddf8c0be3b13d020e24ad
    # via -r tools/requirements-dev.in
clang-format==18.1.8 \
    --hash=sha256:03e0a762b4b504750ce4999174fa50a3c4d6b83d7999481e1b6a1b3bc2915121 \
    --hash=sha256:065ddb7fdd0cb329976115fa03500dd560d9753dd50c25a269776648e6e6bf35 \
    --hash=sha256:2a73a50e17c94325712631c15e5b210e374841bbeefb915f12934b902310df7b \
    --hash=sha256:2de122b8aa78ba49e326f974131caab2c79f4ae877c227cd4e3e5d82a98d21e5 \
    --hash=sha256:310206c21fa8177c019a3871de8c5400e51867376cae630ee3d1610aa6c93816 \
    --hash=sha256:4762e95ea887d522bf664c1411d93d4d41fc9eb059835dd88b9ad54bc3cb08e0 \
    --hash=sha256:4be2b5d983a0cc1ef90a224b599f5928d82ce31154ba69accfdcb670aea62f40 \
    --hash=sha256:6ca6768270e291495174faa6d8c082aa0181722b29ef8e36558b397069fa4a2d \
    --hash=sha256:7c41e2521b7e6ba706cc5d1c3e95eed9a41c1522244e23624e1518991f02a604 \
    --hash=sha256:7d71869103d0f27be3c4930bea59dc6325177a259ba321a04663a231432ec343 \
    --hash=sha256:82c5dd546efa80a838bb9fd4cf6f6e37d85301c0bca13cd79ab5749422ca35a1 \
    --hash=sha256:c11ecdae9cd9068ed010b7cc5fa9d3d2ae08de8bbfa493df865774ad63fd7d76 \
    --hash=sha256:d2db077523bd4517b41fa6adb2e5ee63fc91bc7b641dc6e28b959fa8050cf41b \
    --hash=sha256:d3a41b7c7c3e65fa56763f5712f919111b35d7a8e857f8bef4ad5a4cdc1be131 \
    --hash=sha256:ea103b3ae5b0941152cd29c67eab086aafc98675370ac13581005807680132aa
    # via -r tools/requirements-dev.in
click==8.4.2 \
    --hash=sha256:9a6cea6e60b17ebe0a44c5cc636d94f09bd66142c1cd7d8b4cd731c4917a15f6 \
    --hash=sha256:e6f9f66136c816745b9d65817da91d61d957fb16e02e4dcd0552553c5a197b76
    # via adafruit-nrfutil
ecdsa==0.19.2 \
    --hash=sha256:62635b0ac1ca2e027f82122b5b81cb706edc38cd91c63dda28e4f3455a2bf930 \
    --hash=sha256:840f5dc5e375c68f36c1a7a5b9caad28f95daa65185c9253c0c08dd952bb7399
    # via adafruit-nrfutil
pyserial==3.5 \
    --hash=sha256:3c77e014170dfffbd816e6ffc205e9842efb10be9f58ec16d3e8675b4925cddb \
    --hash=sha256:c4451db6ba391ca6ca299fb3ec7bae67a5c55dde170964c7a14ceefec02f2cf0
    # via adafruit-nrfutil
six==1.17.0 \
    --hash=sha256:4721f391ed90541fddacab5acf947aa0d3dc7d27b2e1e8eda2be8970586c3274 \
    --hash=sha256:ff70335d468e7eb6ec65b95b99d3a2836546063f63acc5171de367e834932a81
    # via ecdsa
